
Microsoft Visual Studio Solution File, Format Version 12.00
# Visual Studio Version 17
VisualStudioVersion = 17.12.35527.113 d17.12
MinimumVisualStudioVersion = 10.0.40219.1
Project("{FAE04EC0-301F-11D3-BF4B-00C04F79EFBC}") = "D250113", "D250113\D250113.csproj", "{269E03C6-B27D-435C-9401-CB9FD75A7D2E}"
EndProject
Project("{FAE04EC0-301F-11D3-BF4B-00C04F79EFBC}") = "MyClassLibrary", "MyClassLibrary\MyClassLibrary.csproj", "{949917DE-8B64-4458-BF8F-CD5C1378D883}"
EndProject
Global
	GlobalSection(SolutionConfigurationPlatforms) = preSolution
		Debug|Any CPU = Debug|Any CPU
		Release|Any CPU = Release|Any CPU
	EndGlobalSection
	GlobalSection(ProjectConfigurationPlatforms) = postSolution
		{269E03C6-B27D-435C-9401-CB9FD75A7D2E}.Debug|Any CPU.ActiveCfg = Debug|Any CPU
		{269E03C6-B27D-435C-9401-CB9FD75A7D2E}.Debug|Any CPU.Build.0 = Debug|Any CPU
		{269E03C6-B27D-435C-9401-CB9FD75A7D2E}.Release|Any CPU.ActiveCfg = Release|Any CPU
		{269E03C6-B27D-435C-9401-CB9FD75A7D2E}.Release|Any CPU.Build.0 = Release|Any CPU
		{949917DE-8B64-4458-BF8F-CD5C1378D883}.Debug|Any CPU.ActiveCfg = Debug|Any CPU
		{949917DE-8B64-4458-BF8F-CD5C1378D883}.Debug|Any CPU.Build.0 = Debug|Any CPU
		{949917DE-8B64-4458-BF8F-CD5C1378D883}.Release|Any CPU.ActiveCfg = Release|Any CPU
		{949917DE-8B64-4458-BF8F-CD5C1378D883}.Release|Any CPU.Build.0 = Release|Any CPU
	EndGlobalSection
	GlobalSection(SolutionProperties) = preSolution
		HideSolutionNode = FALSE
	EndGlobalSection
EndGlobal
